
Microsoft Visual Studio Solution File, Format Version 12.00
# Visual Studio Version 17
VisualStudioVersion = 17.2.32616.157
MinimumVisualStudioVersion = 10.0.40219.1
Project("{FAE04EC0-301F-11D3-BF4B-00C04F79EFBC}") = "BlazorWasmForHeroku.Server", "BlazorWasmForHeroku\Server\BlazorWasmForHeroku.Server.csproj", "{C902A137-67E3-4CD0-9D52-6FB113867B56}"
EndProject
Project("{FAE04EC0-301F-11D3-BF4B-00C04F79EFBC}") = "BlazorWasmForHeroku.Client", "BlazorWasmForHeroku\Client\BlazorWasmForHeroku.Client.csproj", "{1D3CF278-A8BA-407C-AA1F-72CCB7A679F4}"
EndProject
Project("{FAE04EC0-301F-11D3-BF4B-00C04F79EFBC}") = "BlazorWasmForHeroku.Shared", "BlazorWasmForHeroku\Shared\BlazorWasmForHeroku.Shared.csproj", "{D6F3328D-578D-4A39-AFA7-33F3D9F21A4E}"
EndProject
Global
	GlobalSection(SolutionConfigurationPlatforms) = preSolution
		Debug|Any CPU = Debug|Any CPU
		Release|Any CPU = Release|Any CPU
	EndGlobalSection
	GlobalSection(ProjectConfigurationPlatforms) = postSolution
		{C902A137-67E3-4CD0-9D52-6FB113867B56}.Debug|Any CPU.ActiveCfg = Debug|Any CPU
		{C902A137-67E3-4CD0-9D52-6FB113867B56}.Debug|Any CPU.Build.0 = Debug|Any CPU
		{C902A137-67E3-4CD0-9D52-6FB113867B56}.Release|Any CPU.ActiveCfg = Release|Any CPU
		{C902A137-67E3-4CD0-9D52-6FB113867B56}.Release|Any CPU.Build.0 = Release|Any CPU
		{1D3CF278-A8BA-407C-AA1F-72CCB7A679F4}.Debug|Any CPU.ActiveCfg = Debug|Any CPU
		{1D3CF278-A8BA-407C-AA1F-72CCB7A679F4}.Debug|Any CPU.Build.0 = Debug|Any CPU
		{1D3CF278-A8BA-407C-AA1F-72CCB7A679F4}.Release|Any CPU.ActiveCfg = Release|Any CPU
		{1D3CF278-A8BA-407C-AA1F-72CCB7A679F4}.Release|Any CPU.Build.0 = Release|Any CPU
		{D6F3328D-578D-4A39-AFA7-33F3D9F21A4E}.Debug|Any CPU.ActiveCfg = Debug|Any CPU
		{D6F3328D-578D-4A39-AFA7-33F3D9F21A4E}.Debug|Any CPU.Build.0 = Debug|Any CPU
		{D6F3328D-578D-4A39-AFA7-33F3D9F21A4E}.Release|Any CPU.ActiveCfg = Release|Any CPU
		{D6F3328D-578D-4A39-AFA7-33F3D9F21A4E}.Release|Any CPU.Build.0 = Release|Any CPU
	EndGlobalSection
	GlobalSection(SolutionProperties) = preSolution
		HideSolutionNode = FALSE
	EndGlobalSection
	GlobalSection(ExtensibilityGlobals) = postSolution
		SolutionGuid = {FB90A62E-99C4-43F1-B274-AABC915FF3D1}
	EndGlobalSection
EndGlobal
